
Microsoft Visual Studio Solution File, Format Version 12.00
# Visual Studio Version 17
VisualStudioVersion = 17.11.35303.130
MinimumVisualStudioVersion = 10.0.40219.1
Project("{FAE04EC0-301F-11D3-BF4B-00C04F79EFBC}") = "CollectionRareCacti", "CollectionRareCacti\CollectionRareCacti.csproj", "{0F407EBA-EB4D-489B-AE8B-EA8CC36A8ABB}"
EndProject
Global
	GlobalSection(SolutionConfigurationPlatforms) = preSolution
		Debug|Any CPU = Debug|Any CPU
		Release|Any CPU = Release|Any CPU
	EndGlobalSection
	GlobalSection(ProjectConfigurationPlatforms) = postSolution
		{0F407EBA-EB4D-489B-AE8B-EA8CC36A8ABB}.Debug|Any CPU.ActiveCfg = Debug|Any CPU
		{0F407EBA-EB4D-489B-AE8B-EA8CC36A8ABB}.Debug|Any CPU.Build.0 = Debug|Any CPU
		{0F407EBA-EB4D-489B-AE8B-EA8CC36A8ABB}.Release|Any CPU.ActiveCfg = Release|Any CPU
		{0F407EBA-EB4D-489B-AE8B-EA8CC36A8ABB}.Release|Any CPU.Build.0 = Release|Any CPU
	EndGlobalSection
	GlobalSection(SolutionProperties) = preSolution
		HideSolutionNode = FALSE
	EndGlobalSection
	GlobalSection(ExtensibilityGlobals) = postSolution
		SolutionGuid = {A0EF8400-465E-4B05-9E05-5623236551C0}
	EndGlobalSection
EndGlobal
